
Microsoft Visual Studio Solution File, Format Version 12.00
# Visual Studio Version 17
VisualStudioVersion = 17.5.33627.172
MinimumVisualStudioVersion = 10.0.40219.1
Project("{FAE04EC0-301F-11D3-BF4B-00C04F79EFBC}") = "WebApplication", "WebApplication\WebApplication.csproj", "{1CA6D8F0-97BD-47B6-9051-15B7F3EEF2D3}"
EndProject
Global
	GlobalSection(SolutionConfigurationPlatforms) = preSolution
		Debug|Any CPU = Debug|Any CPU
		Release|Any CPU = Release|Any CPU
	EndGlobalSection
	GlobalSection(ProjectConfigurationPlatforms) = postSolution
		{1CA6D8F0-97BD-47B6-9051-15B7F3EEF2D3}.Debug|Any CPU.ActiveCfg = Debug|Any CPU
		{1CA6D8F0-97BD-47B6-9051-15B7F3EEF2D3}.Debug|Any CPU.Build.0 = Debug|Any CPU
		{1CA6D8F0-97BD-47B6-9051-15B7F3EEF2D3}.Release|Any CPU.ActiveCfg = Release|Any CPU
		{1CA6D8F0-97BD-47B6-9051-15B7F3EEF2D3}.Release|Any CPU.Build.0 = Release|Any CPU
	EndGlobalSection
	GlobalSection(SolutionProperties) = preSolution
		HideSolutionNode = FALSE
	EndGlobalSection
	GlobalSection(ExtensibilityGlobals) = postSolution
		SolutionGuid = {07CECA1B-EDC9-4CF1-B11A-D996095A2F21}
	EndGlobalSection
EndGlobal
